<?xml version="1.0" encoding="utf-8"?>
<Project ToolsVersion="4.0" xmlns="http://schemas.microsoft.com/developer/msbuild/2003">
  <ItemGroup>
    <Filter Include="Source Files">
      <UniqueIdentifier>{4FC737F1-C7A5-4376-A066-2A32D752A2FF}</UniqueIdentifier>
      <Extensions>cpp;c;cc;cxx;c++;cppm;ixx;def;odl;idl;hpj;bat;asm;asmx</Extensions>
    </Filter>
    <Filter Include="Header Files">
      <UniqueIdentifier>{93995380-89BD-4b04-88EB-625FBE52EBFB}</UniqueIdentifier>
      <Extensions>h;hh;hpp;hxx;h++;hm;inl;inc;ipp;xsd</Extensions>
    </Filter>
    <Filter Include="Resource Files">
      <UniqueIdentifier>{67DA6AB6-F800-4c08-8B7A-83BB121AAD01}</UniqueIdentifier>
      <Extensions>rc;ico;cur;bmp;dlg;rc2;rct;bin;rgs;gif;jpg;jpeg;jpe;resx;tiff;tif;png;wav;mfcribbon-ms</Extensions>
    </Filter>
    <Filter Include="Resource Files\Images">
      <UniqueIdentifier>{36e08f6d-b50a-454d-ab56-7c347c10f137}</UniqueIdentifier>
    </Filter>
    <Filter Include="Source Files\Core">
      <UniqueIdentifier>{19c0ed3f-8cff-4980-a6c2-731cd3326be7}</UniqueIdentifier>
    </Filter>
    <Filter Include="Source Files\Core\Persons">
      <UniqueIdentifier>{0c03da90-3000-4bee-a325-de2d7c328e7d}</UniqueIdentifier>
    </Filter>
    <Filter Include="Source Files\Core\States">
      <UniqueIdentifier>{e1ad8516-418d-4759-856a-fff01befb0d0}</UniqueIdentifier>
    </Filter>
    <Filter Include="Header Files\Core">
      <UniqueIdentifier>{4633eba4-ad9b-474e-ac5d-b8f7f8937da6}</UniqueIdentifier>
    </Filter>
    <Filter Include="Header Files\Core\Persons">
      <UniqueIdentifier>{cd951d91-b924-4d4b-a70a-a01929475dc8}</UniqueIdentifier>
    </Filter>
    <Filter Include="Header Files\Core\States">
      <UniqueIdentifier>{0b67ec64-fc61-47c9-9fd9-ec308e287aaf}</UniqueIdentifier>
    </Filter>
    <Filter Include="Header Files\Core\Maps">
      <UniqueIdentifier>{ba52014b-f561-49c8-8280-5c6f11223e0f}</UniqueIdentifier>
    </Filter>
    <Filter Include="Source Files\Core\Maps">
      <UniqueIdentifier>{a4c8121a-2d62-4d83-8c14-a11299e26ac7}</UniqueIdentifier>
    </Filter>
    <Filter Include="Source Files\Bonuses">
      <UniqueIdentifier>{370ff12c-2003-45e8-bfee-0409b25d53ba}</UniqueIdentifier>
    </Filter>
    <Filter Include="Header Files\Bonuses">
      <UniqueIdentifier>{8fdc7a96-79ed-47ac-a51c-1db04a8d71cb}</UniqueIdentifier>
    </Filter>
    <Filter Include="Header Files\Core\UI">
      <UniqueIdentifier>{fe839f41-7edc-43be-801e-f8072cdc09e6}</UniqueIdentifier>
    </Filter>
    <Filter Include="Source Files\Core\UI">
      <UniqueIdentifier>{e3a03405-e528-48d7-891d-8715280e2d69}</UniqueIdentifier>
    </Filter>
  </ItemGroup>
  <ItemGroup>
    <ClCompile Include="main.cpp">
      <Filter>Source Files</Filter>
    </ClCompile>
    <ClCompile Include="Game.cpp">
      <Filter>Source Files\Core</Filter>
    </ClCompile>
    <ClCompile Include="Person.cpp">
      <Filter>Source Files\Core\Persons</Filter>
    </ClCompile>
    <ClCompile Include="Player.cpp">
      <Filter>Source Files\Core\Persons</Filter>
    </ClCompile>
    <ClCompile Include="Enemy.cpp">
      <Filter>Source Files\Core\Persons</Filter>
    </ClCompile>
    <ClCompile Include="MainMenuState.cpp">
      <Filter>Source Files\Core\States</Filter>
    </ClCompile>
    <ClCompile Include="FirstLevelState.cpp">
      <Filter>Source Files\Core\States</Filter>
    </ClCompile>
    <ClCompile Include="StateManager.cpp">
      <Filter>Source Files\Core\States</Filter>
    </ClCompile>
    <ClCompile Include="GameMap.cpp">
      <Filter>Source Files\Core\Maps</Filter>
    </ClCompile>
    <ClCompile Include="Enemies.cpp">
      <Filter>Source Files\Core\Persons</Filter>
    </ClCompile>
    <ClCompile Include="Bonuses.cpp">
      <Filter>Source Files\Bonuses</Filter>
    </ClCompile>
    <ClCompile Include="Bonus.cpp">
      <Filter>Source Files\Bonuses</Filter>
    </ClCompile>
    <ClCompile Include="UserInterface.cpp">
      <Filter>Source Files\Core\UI</Filter>
    </ClCompile>
    <ClCompile Include="GameOverState.cpp">
      <Filter>Source Files\Core\States</Filter>
    </ClCompile>
  </ItemGroup>
  <ItemGroup>
    <None Include="sfml-window-d-2.dll">
      <Filter>Resource Files</Filter>
    </None>
    <None Include="openal32.dll">
      <Filter>Resource Files</Filter>
    </None>
    <None Include="sfml-audio-2.dll">
      <Filter>Resource Files</Filter>
    </None>
    <None Include="sfml-audio-d-2.dll">
      <Filter>Resource Files</Filter>
    </None>
    <None Include="sfml-graphics-2.dll">
      <Filter>Resource Files</Filter>
    </None>
    <None Include="sfml-graphics-d-2.dll">
      <Filter>Resource Files</Filter>
    </None>
    <None Include="sfml-network-2.dll">
      <Filter>Resource Files</Filter>
    </None>
    <None Include="sfml-network-d-2.dll">
      <Filter>Resource Files</Filter>
    </None>
    <None Include="sfml-system-2.dll">
      <Filter>Resource Files</Filter>
    </None>
    <None Include="sfml-system-d-2.dll">
      <Filter>Resource Files</Filter>
    </None>
    <None Include="sfml-window-2.dll">
      <Filter>Resource Files</Filter>
    </None>
  </ItemGroup>
  <ItemGroup>
    <ClInclude Include="Defenitions.h">
      <Filter>Header Files</Filter>
    </ClInclude>
    <ClInclude Include="State.h">
      <Filter>Header Files\Core\States</Filter>
    </ClInclude>
    <ClInclude Include="StateManager.h">
      <Filter>Header Files\Core\States</Filter>
    </ClInclude>
    <ClInclude Include="MainMenuState.h">
      <Filter>Header Files\Core\States</Filter>
    </ClInclude>
    <ClInclude Include="FirstLevelState.h">
      <Filter>Header Files\Core\States</Filter>
    </ClInclude>
    <ClInclude Include="Person.h">
      <Filter>Header Files\Core\Persons</Filter>
    </ClInclude>
    <ClInclude Include="Enemy.h">
      <Filter>Header Files\Core\Persons</Filter>
    </ClInclude>
    <ClInclude Include="Player.h">
      <Filter>Header Files\Core\Persons</Filter>
    </ClInclude>
    <ClInclude Include="Game.h">
      <Filter>Header Files\Core</Filter>
    </ClInclude>
    <ClInclude Include="GameMap.h">
      <Filter>Header Files\Core\Maps</Filter>
    </ClInclude>
    <ClInclude Include="Enemies.h">
      <Filter>Header Files\Core\Persons</Filter>
    </ClInclude>
    <ClInclude Include="Bonuses.h">
      <Filter>Header Files\Bonuses</Filter>
    </ClInclude>
    <ClInclude Include="Bonus.h">
      <Filter>Header Files\Bonuses</Filter>
    </ClInclude>
    <ClInclude Include="UserInterface.h">
      <Filter>Header Files\Core\UI</Filter>
    </ClInclude>
    <ClInclude Include="GameOverState.h">
      <Filter>Header Files\Core\States</Filter>
    </ClInclude>
  </ItemGroup>
  <ItemGroup>
    <Image Include="D:\WorkDirectory\Enemies.png">
      <Filter>Resource Files\Images</Filter>
    </Image>
    <Image Include="D:\WorkDirectory\Player.png">
      <Filter>Resource Files\Images</Filter>
    </Image>
    <Image Include="Data\Picture\Background.png">
      <Filter>Resource Files\Images</Filter>
    </Image>
    <Image Include="Data\Picture\Terrain.png">
      <Filter>Resource Files\Images</Filter>
    </Image>
  </ItemGroup>
</Project>